
Microsoft Visual Studio Solution File, Format Version 12.00
# Visual Studio Version 16
VisualStudioVersion = 16.0.29503.13
MinimumVisualStudioVersion = 10.0.40219.1
Project("{FAE04EC0-301F-11D3-BF4B-00C04F79EFBC}") = "WpfApp1", "WpfApp1\WpfApp1.csproj", "{5E40FF11-8C28-4BCD-9EEE-66934D8A2298}"
EndProject
Global
	GlobalSection(SolutionConfigurationPlatforms) = preSolution
		Debug|Any CPU = Debug|Any CPU
		Release|Any CPU = Release|Any CPU
	EndGlobalSection
	GlobalSection(ProjectConfigurationPlatforms) = postSolution
		{5E40FF11-8C28-4BCD-9EEE-66934D8A2298}.Debug|Any CPU.ActiveCfg = Debug|Any CPU
		{5E40FF11-8C28-4BCD-9EEE-66934D8A2298}.Debug|Any CPU.Build.0 = Debug|Any CPU
		{5E40FF11-8C28-4BCD-9EEE-66934D8A2298}.Release|Any CPU.ActiveCfg = Release|Any CPU
		{5E40FF11-8C28-4BCD-9EEE-66934D8A2298}.Release|Any CPU.Build.0 = Release|Any CPU
	EndGlobalSection
	GlobalSection(SolutionProperties) = preSolution
		HideSolutionNode = FALSE
	EndGlobalSection
	GlobalSection(ExtensibilityGlobals) = postSolution
		SolutionGuid = {DAECF224-A072-4449-B631-B99D52EFA1BA}
	EndGlobalSection
EndGlobal
